<Solution>
  <Configurations>
    <Platform Name="x64" />
    <Platform Name="x86" />
  </Configurations>
  <Project Path="CG_WARMUP_2/CG_WARMUP_2.vcxproj" Id="814c4ae0-b609-41e9-9603-a2d0d26e422e" />
  <Project Path="CG_WARMUP_2_2/CG_WARMUP_2_2.vcxproj" Id="56e21f84-7520-4ae8-a08f-5e4d1f28314c" />

</Solution>